
Microsoft Visual Studio Solution File, Format Version 12.00
# Visual Studio Version 16
VisualStudioVersion = 16.0.31112.23
MinimumVisualStudioVersion = 10.0.40219.1
Project("{FAE04EC0-301F-11D3-BF4B-00C04F79EFBC}") = "CSharpSfmlRayCasting", "CSharpSfmlRayCasting\CSharpSfmlRayCasting.csproj", "{AFEBC044-657A-4083-BBF2-F3D7E326789B}"
EndProject
Global
	GlobalSection(SolutionConfigurationPlatforms) = preSolution
		Debug|Any CPU = Debug|Any CPU
		Release|Any CPU = Release|Any CPU
	EndGlobalSection
	GlobalSection(ProjectConfigurationPlatforms) = postSolution
		{AFEBC044-657A-4083-BBF2-F3D7E326789B}.Debug|Any CPU.ActiveCfg = Debug|Any CPU
		{AFEBC044-657A-4083-BBF2-F3D7E326789B}.Debug|Any CPU.Build.0 = Debug|Any CPU
		{AFEBC044-657A-4083-BBF2-F3D7E326789B}.Release|Any CPU.ActiveCfg = Release|Any CPU
		{AFEBC044-657A-4083-BBF2-F3D7E326789B}.Release|Any CPU.Build.0 = Release|Any CPU
	EndGlobalSection
	GlobalSection(SolutionProperties) = preSolution
		HideSolutionNode = FALSE
	EndGlobalSection
	GlobalSection(ExtensibilityGlobals) = postSolution
		SolutionGuid = {F4E05A9C-5B76-4410-A1B2-4C2B03739831}
	EndGlobalSection
EndGlobal
